
Microsoft Visual Studio Solution File, Format Version 12.00
# Visual Studio 2012
Project("{8BC9CEB8-8B4A-11D0-8D11-00A0C91BC942}") = "OptixPlusPhysx", "OptixPlusPhysx\OptixPlusPhysx.vcxproj", "{974657F5-4397-449E-80C5-902B34C4926D}"
EndProject
Project("{8BC9CEB8-8B4A-11D0-8D11-00A0C91BC942}") = "CannonBall", "CannonBall\CannonBall.vcxproj", "{60BB603D-1199-4CB5-8580-FD5CF7DA75AC}"
EndProject
Project("{8BC9CEB8-8B4A-11D0-8D11-00A0C91BC942}") = "BilliardsBlur", "BilliardsBlur\BilliardsBlur.vcxproj", "{C4C0A30E-023C-4494-83AF-6EC1499ED3DE}"
EndProject
Project("{2150E333-8FDC-42A3-9474-1A3956D46DE8}") = "Solution Items", "Solution Items", "{B1DB0BA7-CBA1-48D4-AEA6-34F124D5CF46}"
	ProjectSection(SolutionItems) = preProject
		Performance1.psess = Performance1.psess
	EndProjectSection
EndProject
Global
	GlobalSection(SolutionConfigurationPlatforms) = preSolution
		Debug|x64 = Debug|x64
		Release|x64 = Release|x64
	EndGlobalSection
	GlobalSection(ProjectConfigurationPlatforms) = postSolution
		{974657F5-4397-449E-80C5-902B34C4926D}.Debug|x64.ActiveCfg = Debug|x64
		{974657F5-4397-449E-80C5-902B34C4926D}.Debug|x64.Build.0 = Debug|x64
		{974657F5-4397-449E-80C5-902B34C4926D}.Release|x64.ActiveCfg = Release|x64
		{974657F5-4397-449E-80C5-902B34C4926D}.Release|x64.Build.0 = Release|x64
		{60BB603D-1199-4CB5-8580-FD5CF7DA75AC}.Debug|x64.ActiveCfg = Debug|x64
		{60BB603D-1199-4CB5-8580-FD5CF7DA75AC}.Debug|x64.Build.0 = Debug|x64
		{60BB603D-1199-4CB5-8580-FD5CF7DA75AC}.Release|x64.ActiveCfg = Release|x64
		{60BB603D-1199-4CB5-8580-FD5CF7DA75AC}.Release|x64.Build.0 = Release|x64
		{C4C0A30E-023C-4494-83AF-6EC1499ED3DE}.Debug|x64.ActiveCfg = Debug|x64
		{C4C0A30E-023C-4494-83AF-6EC1499ED3DE}.Debug|x64.Build.0 = Debug|x64
		{C4C0A30E-023C-4494-83AF-6EC1499ED3DE}.Release|x64.ActiveCfg = Release|x64
		{C4C0A30E-023C-4494-83AF-6EC1499ED3DE}.Release|x64.Build.0 = Release|x64
	EndGlobalSection
	GlobalSection(SolutionProperties) = preSolution
		HideSolutionNode = FALSE
	EndGlobalSection
	GlobalSection(Performance) = preSolution
		HasPerformanceSessions = true
	EndGlobalSection
EndGlobal
