
Microsoft Visual Studio Solution File, Format Version 12.00
# Visual Studio 2012
Project("{8BC9CEB8-8B4A-11D0-8D11-00A0C91BC942}") = "OptixPlusPhysx", "OptixPlusPhysx\OptixPlusPhysx.vcxproj", "{974657F5-4397-449E-80C5-902B34C4926D}"
EndProject
Global
	GlobalSection(SolutionConfigurationPlatforms) = preSolution
		Debug|x64 = Debug|x64
		Release|x64 = Release|x64
	EndGlobalSection
	GlobalSection(ProjectConfigurationPlatforms) = postSolution
		{974657F5-4397-449E-80C5-902B34C4926D}.Debug|x64.ActiveCfg = Debug|x64
		{974657F5-4397-449E-80C5-902B34C4926D}.Debug|x64.Build.0 = Debug|x64
		{974657F5-4397-449E-80C5-902B34C4926D}.Release|x64.ActiveCfg = Release|x64
		{974657F5-4397-449E-80C5-902B34C4926D}.Release|x64.Build.0 = Release|x64
	EndGlobalSection
	GlobalSection(SolutionProperties) = preSolution
		HideSolutionNode = FALSE
	EndGlobalSection
	GlobalSection(Performance) = preSolution
		HasPerformanceSessions = true
	EndGlobalSection
EndGlobal
