<?xml version="1.0" encoding="utf-8"?>
<Project ToolsVersion="4.0" xmlns="http://schemas.microsoft.com/developer/msbuild/2003">
  <ItemGroup>
    <Filter Include="CUDA_files">
      <UniqueIdentifier>{49520d93-821c-4346-9a3c-c1573ca44527}</UniqueIdentifier>
    </Filter>
    <Filter Include="PTX_files">
      <UniqueIdentifier>{3df5c7de-3d32-4c4c-b4b7-ef0fee75c1fc}</UniqueIdentifier>
    </Filter>
    <Filter Include="Header Files">
      <UniqueIdentifier>{bd881fb4-7418-4001-b847-2343657535b5}</UniqueIdentifier>
    </Filter>
    <Filter Include="Source Files">
      <UniqueIdentifier>{48abf5a5-f81f-48e2-abd6-c2ac3f8bbbe4}</UniqueIdentifier>
    </Filter>
  </ItemGroup>
  <ItemGroup>
    <ClInclude Include="commonStructs.h">
      <Filter>Header Files</Filter>
    </ClInclude>
    <ClInclude Include="Helpers.h">
      <Filter>Header Files</Filter>
    </ClInclude>
    <ClInclude Include="CUDA_files\helpers.h">
      <Filter>CUDA_files</Filter>
    </ClInclude>
    <ClInclude Include="CUDA_files\phong.h">
      <Filter>CUDA_files</Filter>
    </ClInclude>
  </ItemGroup>
  <ItemGroup>
    <ClCompile Include="Helpers.cpp">
      <Filter>Source Files</Filter>
    </ClCompile>
    <ClCompile Include="Box.cpp">
      <Filter>Source Files</Filter>
    </ClCompile>
  </ItemGroup>
  <ItemGroup>
    <CudaCompile Include="CUDA_files\transparent.cu">
      <Filter>CUDA_files</Filter>
    </CudaCompile>
    <CudaCompile Include="CUDA_files\box.cu">
      <Filter>CUDA_files</Filter>
    </CudaCompile>
    <CudaCompile Include="CUDA_files\constantbg.cu">
      <Filter>CUDA_files</Filter>
    </CudaCompile>
    <CudaCompile Include="CUDA_files\parallelogram.cu">
      <Filter>CUDA_files</Filter>
    </CudaCompile>
    <CudaCompile Include="CUDA_files\pinhole_camera.cu">
      <Filter>CUDA_files</Filter>
    </CudaCompile>
    <CudaCompile Include="CUDA_files\sphere.cu">
      <Filter>CUDA_files</Filter>
    </CudaCompile>
  </ItemGroup>
</Project>